// !$*UTF8*$!
{
	archiveVersion = 1;
	classes = {
	};
	objectVersion = 46;
	objects = {

/* Begin PBXBuildFile section */
		F129C9771FA0AC3F000CB02B /* AppDelegate.swift in Sources */ = {isa = PBXBuildFile; fileRef = F129C9761FA0AC3F000CB02B /* AppDelegate.swift */; };
		F129C9791FA0AC3F000CB02B /* ViewController.swift in Sources */ = {isa = PBXBuildFile; fileRef = F129C9781FA0AC3F000CB02B /* ViewController.swift */; };
		F129C97C1FA0AC3F000CB02B /* Main.storyboard in Resources */ = {isa = PBXBuildFile; fileRef = F129C97A1FA0AC3F000CB02B /* Main.storyboard */; };
		F129C97F1FA0AC3F000CB02B /* Custom_Calender.xcdatamodeld in Sources */ = {isa = PBXBuildFile; fileRef = F129C97D1FA0AC3F000CB02B /* Custom_Calender.xcdatamodeld */; };
		F129C9811FA0AC3F000CB02B /* Assets.xcassets in Resources */ = {isa = PBXBuildFile; fileRef = F129C9801FA0AC3F000CB02B /* Assets.xcassets */; };
		F129C9841FA0AC3F000CB02B /* LaunchScreen.storyboard in Resources */ = {isa = PBXBuildFile; fileRef = F129C9821FA0AC3F000CB02B /* LaunchScreen.storyboard */; };
		F129C98D1FA1B1A4000CB02B /* DateCell.swift in Sources */ = {isa = PBXBuildFile; fileRef = F129C98B1FA1B1A4000CB02B /* DateCell.swift */; };
		F129C98E1FA1B1A4000CB02B /* DateCell.xib in Resources */ = {isa = PBXBuildFile; fileRef = F129C98C1FA1B1A4000CB02B /* DateCell.xib */; };
/* End PBXBuildFile section */

/* Begin PBXFileReference section */
		F129C9731FA0AC3F000CB02B /* Custom_Calender.app */ = {isa = PBXFileReference; explicitFileType = wrapper.application; includeInIndex = 0; path = Custom_Calender.app; sourceTree = BUILT_PRODUCTS_DIR; };
		F129C9761FA0AC3F000CB02B /* AppDelegate.swift */ = {isa = PBXFileReference; lastKnownFileType = sourcecode.swift; path = AppDelegate.swift; sourceTree = "<group>"; };
		F129C9781FA0AC3F000CB02B /* ViewController.swift */ = {isa = PBXFileReference; lastKnownFileType = sourcecode.swift; path = ViewController.swift; sourceTree = "<group>"; };
		F129C97B1FA0AC3F000CB02B /* Base */ = {isa = PBXFileReference; lastKnownFileType = file.storyboard; name = Base; path = Base.lproj/Main.storyboard; sourceTree = "<group>"; };
		F129C97E1FA0AC3F000CB02B /* Custom_Calender.xcdatamodel */ = {isa = PBXFileReference; lastKnownFileType = wrapper.xcdatamodel; path = Custom_Calender.xcdatamodel; sourceTree = "<group>"; };
		F129C9801FA0AC3F000CB02B /* Assets.xcassets */ = {isa = PBXFileReference; lastKnownFileType = folder.assetcatalog; path = Assets.xcassets; sourceTree = "<group>"; };
		F129C9831FA0AC3F000CB02B /* Base */ = {isa = PBXFileReference; lastKnownFileType = file.storyboard; name = Base; path = Base.lproj/LaunchScreen.storyboard; sourceTree = "<group>"; };
		F129C9851FA0AC3F000CB02B /* Info.plist */ = {isa = PBXFileReference; lastKnownFileType = text.plist.xml; path = Info.plist; sourceTree = "<group>"; };
		F129C98B1FA1B1A4000CB02B /* DateCell.swift */ = {isa = PBXFileReference; fileEncoding = 4; lastKnownFileType = sourcecode.swift; path = DateCell.swift; sourceTree = "<group>"; };
		F129C98C1FA1B1A4000CB02B /* DateCell.xib */ = {isa = PBXFileReference; fileEncoding = 4; lastKnownFileType = file.xib; path = DateCell.xib; sourceTree = "<group>"; };
/* End PBXFileReference section */

/* Begin PBXFrameworksBuildPhase section */
		F129C9701FA0AC3F000CB02B /* Frameworks */ = {
			isa = PBXFrameworksBuildPhase;
			buildActionMask = 2147483647;
			files = (
			);
			runOnlyForDeploymentPostprocessing = 0;
		};
/* End PBXFrameworksBuildPhase section */

/* Begin PBXGroup section */
		F129C96A1FA0AC3F000CB02B = {
			isa = PBXGroup;
			children = (
				F129C9751FA0AC3F000CB02B /* Custom_Calender */,
				F129C9741FA0AC3F000CB02B /* Products */,
			);
			sourceTree = "<group>";
		};
		F129C9741FA0AC3F000CB02B /* Products */ = {
			isa = PBXGroup;
			children = (
				F129C9731FA0AC3F000CB02B /* Custom_Calender.app */,
			);
			name = Products;
			sourceTree = "<group>";
		};
		F129C9751FA0AC3F000CB02B /* Custom_Calender */ = {
			isa = PBXGroup;
			children = (
				F129C9761FA0AC3F000CB02B /* AppDelegate.swift */,
				F129C9781FA0AC3F000CB02B /* ViewController.swift */,
				F129C97A1FA0AC3F000CB02B /* Main.storyboard */,
				F129C9801FA0AC3F000CB02B /* Assets.xcassets */,
				F129C9821FA0AC3F000CB02B /* LaunchScreen.storyboard */,
				F129C9851FA0AC3F000CB02B /* Info.plist */,
				F129C97D1FA0AC3F000CB02B /* Custom_Calender.xcdatamodeld */,
				F129C98B1FA1B1A4000CB02B /* DateCell.swift */,
				F129C98C1FA1B1A4000CB02B /* DateCell.xib */,
			);
			path = Custom_Calender;
			sourceTree = "<group>";
		};
/* End PBXGroup section */

/* Begin PBXNativeTarget section */
		F129C9721FA0AC3F000CB02B /* Custom_Calender */ = {
			isa = PBXNativeTarget;
			buildConfigurationList = F129C9881FA0AC3F000CB02B /* Build configuration list for PBXNativeTarget "Custom_Calender" */;
			buildPhases = (
				F129C96F1FA0AC3F000CB02B /* Sources */,
				F129C9701FA0AC3F000CB02B /* Frameworks */,
				F129C9711FA0AC3F000CB02B /* Resources */,
			);
			buildRules = (
			);
			dependencies = (
			);
			name = Custom_Calender;
			productName = Custom_Calender;
			productReference = F129C9731FA0AC3F000CB02B /* Custom_Calender.app */;
			productType = "com.apple.product-type.application";
		};
/* End PBXNativeTarget section */

/* Begin PBXProject section */
		F129C96B1FA0AC3F000CB02B /* Project object */ = {
			isa = PBXProject;
			attributes = {
				LastSwiftUpdateCheck = 0830;
				LastUpgradeCheck = 0830;
				ORGANIZATIONNAME = "Raghul SV";
				TargetAttributes = {
					F129C9721FA0AC3F000CB02B = {
						CreatedOnToolsVersion = 8.3.2;
						DevelopmentTeam = B6YR4HT4C2;
						ProvisioningStyle = Automatic;
					};
				};
			};
			buildConfigurationList = F129C96E1FA0AC3F000CB02B /* Build configuration list for PBXProject "Custom_Calender" */;
			compatibilityVersion = "Xcode 3.2";
			developmentRegion = English;
			hasScannedForEncodings = 0;
			knownRegions = (
				en,
				Base,
			);
			mainGroup = F129C96A1FA0AC3F000CB02B;
			productRefGroup = F129C9741FA0AC3F000CB02B /* Products */;
			projectDirPath = "";
			projectRoot = "";
			targets = (
				F129C9721FA0AC3F000CB02B /* Custom_Calender */,
			);
		};
/* End PBXProject section */

/* Begin PBXResourcesBuildPhase section */
		F129C9711FA0AC3F000CB02B /* Resources */ = {
			isa = PBXResourcesBuildPhase;
			buildActionMask = 2147483647;
			files = (
				F129C9841FA0AC3F000CB02B /* LaunchScreen.storyboard in Resources */,
				F129C9811FA0AC3F000CB02B /* Assets.xcassets in Resources */,
				F129C97C1FA0AC3F000CB02B /* Main.storyboard in Resources */,
				F129C98E1FA1B1A4000CB02B /* DateCell.xib in Resources */,
			);
			runOnlyForDeploymentPostprocessing = 0;
		};
/* End PBXResourcesBuildPhase section */

/* Begin PBXSourcesBuildPhase section */
		F129C96F1FA0AC3F000CB02B /* Sources */ = {
			isa = PBXSourcesBuildPhase;
			buildActionMask = 2147483647;
			files = (
				F129C97F1FA0AC3F000CB02B /* Custom_Calender.xcdatamodeld in Sources */,
				F129C9791FA0AC3F000CB02B /* ViewController.swift in Sources */,
				F129C9771FA0AC3F000CB02B /* AppDelegate.swift in Sources */,
				F129C98D1FA1B1A4000CB02B /* DateCell.swift in Sources */,
			);
			runOnlyForDeploymentPostprocessing = 0;
		};
/* End PBXSourcesBuildPhase section */

/* Begin PBXVariantGroup section */
		F129C97A1FA0AC3F000CB02B /* Main.storyboard */ = {
			isa = PBXVariantGroup;
			children = (
				F129C97B1FA0AC3F000CB02B /* Base */,
			);
			name = Main.storyboard;
			sourceTree = "<group>";
		};
		F129C9821FA0AC3F000CB02B /* LaunchScreen.storyboard */ = {
			isa = PBXVariantGroup;
			children = (
				F129C9831FA0AC3F000CB02B /* Base */,
			);
			name = LaunchScreen.storyboard;
			sourceTree = "<group>";
		};
/* End PBXVariantGroup section */

/* Begin XCBuildConfiguration section */
		F129C9861FA0AC3F000CB02B /* Debug */ = {
			isa = XCBuildConfiguration;
			buildSettings = {
				ALWAYS_SEARCH_USER_PATHS = NO;
				CLANG_ANALYZER_NONNULL = YES;
				CLANG_ANALYZER_NUMBER_OBJECT_CONVERSION = YES_AGGRESSIVE;
				CLANG_CXX_LANGUAGE_STANDARD = "gnu++0x";
				CLANG_CXX_LIBRARY = "libc++";
				CLANG_ENABLE_MODULES = YES;
				CLANG_ENABLE_OBJC_ARC = YES;
				CLANG_WARN_BOOL_CONVERSION = YES;
				CLANG_WARN_CONSTANT_CONVERSION = YES;
				CLANG_WARN_DIRECT_OBJC_ISA_USAGE = YES_ERROR;
				CLANG_WARN_DOCUMENTATION_COMMENTS = YES;
				CLANG_WARN_EMPTY_BODY = YES;
				CLANG_WARN_ENUM_CONVERSION = YES;
				CLANG_WARN_INFINITE_RECURSION = YES;
				CLANG_WARN_INT_CONVERSION = YES;
				CLANG_WARN_OBJC_ROOT_CLASS = YES_ERROR;
				CLANG_WARN_SUSPICIOUS_MOVE = YES;
				CLANG_WARN_UNREACHABLE_CODE = YES;
				CLANG_WARN__DUPLICATE_METHOD_MATCH = YES;
				"CODE_SIGN_IDENTITY[sdk=iphoneos*]" = "iPhone Developer";
				COPY_PHASE_STRIP = NO;
				DEBUG_INFORMATION_FORMAT = dwarf;
				ENABLE_STRICT_OBJC_MSGSEND = YES;
				ENABLE_TESTABILITY = YES;
				GCC_C_LANGUAGE_STANDARD = gnu99;
				GCC_DYNAMIC_NO_PIC = NO;
				GCC_NO_COMMON_BLOCKS = YES;
				GCC_OPTIMIZATION_LEVEL = 0;
				GCC_PREPROCESSOR_DEFINITIONS = (
					"DEBUG=1",
					"$(inherited)",
				);
				GCC_WARN_64_TO_32_BIT_CONVERSION = YES;
				GCC_WARN_ABOUT_RETURN_TYPE = YES_ERROR;
				GCC_WARN_UNDECLARED_SELECTOR = YES;
				GCC_WARN_UNINITIALIZED_AUTOS = YES_AGGRESSIVE;
				GCC_WARN_UNUSED_FUNCTION = YES;
				GCC_WARN_UNUSED_VARIABLE = YES;
				IPHONEOS_DEPLOYMENT_TARGET = 10.3;
				MTL_ENABLE_DEBUG_INFO = YES;
				ONLY_ACTIVE_ARCH = YES;
				SDKROOT = iphoneos;
				SWIFT_ACTIVE_COMPILATION_CONDITIONS = DEBUG;
				SWIFT_OPTIMIZATION_LEVEL = "-Onone";
			};
			name = Debug;
		};
		F129C9871FA0AC3F000CB02B /* Release */ = {
			isa = XCBuildConfiguration;
			buildSettings = {
				ALWAYS_SEARCH_USER_PATHS = NO;
				CLANG_ANALYZER_NONNULL = YES;
				CLANG_ANALYZER_NUMBER_OBJECT_CONVERSION = YES_AGGRESSIVE;
				CLANG_CXX_LANGUAGE_STANDARD = "gnu++0x";
				CLANG_CXX_LIBRARY = "libc++";
				CLANG_ENABLE_MODULES = YES;
				CLANG_ENABLE_OBJC_ARC = YES;
				CLANG_WARN_BOOL_CONVERSION = YES;
				CLANG_WARN_CONSTANT_CONVERSION = YES;
				CLANG_WARN_DIRECT_OBJC_ISA_USAGE = YES_ERROR;
				CLANG_WARN_DOCUMENTATION_COMMENTS = YES;
				CLANG_WARN_EMPTY_BODY = YES;
				CLANG_WARN_ENUM_CONVERSION = YES;
				CLANG_WARN_INFINITE_RECURSION = YES;
				CLANG_WARN_INT_CONVERSION = YES;
				CLANG_WARN_OBJC_ROOT_CLASS = YES_ERROR;
				CLANG_WARN_SUSPICIOUS_MOVE = YES;
				CLANG_WARN_UNREACHABLE_CODE = YES;
				CLANG_WARN__DUPLICATE_METHOD_MATCH = YES;
				"CODE_SIGN_IDENTITY[sdk=iphoneos*]" = "iPhone Developer";
				COPY_PHASE_STRIP = NO;
				DEBUG_INFORMATION_FORMAT = "dwarf-with-dsym";
				ENABLE_NS_ASSERTIONS = NO;
				ENABLE_STRICT_OBJC_MSGSEND = YES;
				GCC_C_LANGUAGE_STANDARD = gnu99;
				GCC_NO_COMMON_BLOCKS = YES;
				GCC_WARN_64_TO_32_BIT_CONVERSION = YES;
				GCC_WARN_ABOUT_RETURN_TYPE = YES_ERROR;
				GCC_WARN_UNDECLARED_SELECTOR = YES;
				GCC_WARN_UNINITIALIZED_AUTOS = YES_AGGRESSIVE;
				GCC_WARN_UNUSED_FUNCTION = YES;
				GCC_WARN_UNUSED_VARIABLE = YES;
				IPHONEOS_DEPLOYMENT_TARGET = 10.3;
				MTL_ENABLE_DEBUG_INFO = NO;
				SDKROOT = iphoneos;
				SWIFT_OPTIMIZATION_LEVEL = "-Owholemodule";
				VALIDATE_PRODUCT = YES;
			};
			name = Release;
		};
		F129C9891FA0AC3F000CB02B /* Debug */ = {
			isa = XCBuildConfiguration;
			buildSettings = {
				ASSETCATALOG_COMPILER_APPICON_NAME = AppIcon;
				DEVELOPMENT_TEAM = B6YR4HT4C2;
				INFOPLIST_FILE = Custom_Calender/Info.plist;
				LD_RUNPATH_SEARCH_PATHS = "$(inherited) @executable_path/Frameworks";
				PRODUCT_BUNDLE_IDENTIFIER = "com.example.Custom-Calender";
				PRODUCT_NAME = "$(TARGET_NAME)";
				SWIFT_VERSION = 3.0;
			};
			name = Debug;
		};
		F129C98A1FA0AC3F000CB02B /* Release */ = {
			isa = XCBuildConfiguration;
			buildSettings = {
				ASSETCATALOG_COMPILER_APPICON_NAME = AppIcon;
				DEVELOPMENT_TEAM = B6YR4HT4C2;
				INFOPLIST_FILE = Custom_Calender/Info.plist;
				LD_RUNPATH_SEARCH_PATHS = "$(inherited) @executable_path/Frameworks";
				PRODUCT_BUNDLE_IDENTIFIER = "com.example.Custom-Calender";
				PRODUCT_NAME = "$(TARGET_NAME)";
				SWIFT_VERSION = 3.0;
			};
			name = Release;
		};
/* End XCBuildConfiguration section */

/* Begin XCConfigurationList section */
		F129C96E1FA0AC3F000CB02B /* Build configuration list for PBXProject "Custom_Calender" */ = {
			isa = XCConfigurationList;
			buildConfigurations = (
				F129C9861FA0AC3F000CB02B /* Debug */,
				F129C9871FA0AC3F000CB02B /* Release */,
			);
			defaultConfigurationIsVisible = 0;
			defaultConfigurationName = Release;
		};
		F129C9881FA0AC3F000CB02B /* Build configuration list for PBXNativeTarget "Custom_Calender" */ = {
			isa = XCConfigurationList;
			buildConfigurations = (
				F129C9891FA0AC3F000CB02B /* Debug */,
				F129C98A1FA0AC3F000CB02B /* Release */,
			);
			defaultConfigurationIsVisible = 0;
		};
/* End XCConfigurationList section */

/* Begin XCVersionGroup section */
		F129C97D1FA0AC3F000CB02B /* Custom_Calender.xcdatamodeld */ = {
			isa = XCVersionGroup;
			children = (
				F129C97E1FA0AC3F000CB02B /* Custom_Calender.xcdatamodel */,
			);
			currentVersion = F129C97E1FA0AC3F000CB02B /* Custom_Calender.xcdatamodel */;
			path = Custom_Calender.xcdatamodeld;
			sourceTree = "<group>";
			versionGroupType = wrapper.xcdatamodel;
		};
/* End XCVersionGroup section */
	};
	rootObject = F129C96B1FA0AC3F000CB02B /* Project object */;
}
